
Microsoft Visual Studio Solution File, Format Version 12.00
# Visual Studio Version 16
VisualStudioVersion = 16.0.30309.148
MinimumVisualStudioVersion = 10.0.40219.1
Project("{9A19103F-16F7-4668-BE54-9A1E7A4F7556}") = "TimeEssentials", "TimeEssentials\TimeEssentials.csproj", "{8FB63C0F-260C-4DFA-A462-B6E2345CA5DE}"
EndProject
Project("{FAE04EC0-301F-11D3-BF4B-00C04F79EFBC}") = "TimeEssentials.Core", "TimeEssentials.Core\TimeEssentials.Core.csproj", "{C888B53D-94B3-470E-86B7-552CBB462523}"
EndProject
Global
	GlobalSection(SolutionConfigurationPlatforms) = preSolution
		Debug|Any CPU = Debug|Any CPU
		Release|Any CPU = Release|Any CPU
	EndGlobalSection
	GlobalSection(ProjectConfigurationPlatforms) = postSolution
		{8FB63C0F-260C-4DFA-A462-B6E2345CA5DE}.Debug|Any CPU.ActiveCfg = Debug|Any CPU
		{8FB63C0F-260C-4DFA-A462-B6E2345CA5DE}.Debug|Any CPU.Build.0 = Debug|Any CPU
		{8FB63C0F-260C-4DFA-A462-B6E2345CA5DE}.Release|Any CPU.ActiveCfg = Release|Any CPU
		{8FB63C0F-260C-4DFA-A462-B6E2345CA5DE}.Release|Any CPU.Build.0 = Release|Any CPU
		{C888B53D-94B3-470E-86B7-552CBB462523}.Debug|Any CPU.ActiveCfg = Debug|Any CPU
		{C888B53D-94B3-470E-86B7-552CBB462523}.Debug|Any CPU.Build.0 = Debug|Any CPU
		{C888B53D-94B3-470E-86B7-552CBB462523}.Release|Any CPU.ActiveCfg = Release|Any CPU
		{C888B53D-94B3-470E-86B7-552CBB462523}.Release|Any CPU.Build.0 = Release|Any CPU
	EndGlobalSection
	GlobalSection(SolutionProperties) = preSolution
		HideSolutionNode = FALSE
	EndGlobalSection
	GlobalSection(ExtensibilityGlobals) = postSolution
		SolutionGuid = {1FF25964-ACDA-4565-9501-5F54D66C2085}
	EndGlobalSection
EndGlobal
